
Microsoft Visual Studio Solution File, Format Version 12.00
# Visual Studio Version 16
VisualStudioVersion = 16.0.31515.178
MinimumVisualStudioVersion = 10.0.40219.1
Project("{9A19103F-16F7-4668-BE54-9A1E7A4F7556}") = "TEAMUP_MVC_CORE", "TEAMUP_MVC_CORE\TEAMUP_MVC_CORE.csproj", "{748CC617-0F1F-42C3-8A0A-15626DAF120F}"
EndProject
Project("{FAE04EC0-301F-11D3-BF4B-00C04F79EFBC}") = "TEAMUP_FRAMEWORK_WINFORM", "TEAMUP_FRAMEWORK_WINFORM\TEAMUP_FRAMEWORK_WINFORM.csproj", "{D4A44ABF-30AA-4392-831C-34D78EE5031B}"
EndProject
Project("{FAE04EC0-301F-11D3-BF4B-00C04F79EFBC}") = "TEAMUP_FRAMEWORK_WEBFORM", "TEAMUP_FRAMEWORK_WEBFORM\TEAMUP_FRAMEWORK_WEBFORM.csproj", "{F714736A-C38D-4AD6-A233-552A6FDE409F}"
EndProject
Project("{FAE04EC0-301F-11D3-BF4B-00C04F79EFBC}") = "TEAMUP_FRAMEWORK_MVC", "TEAMUP_FRAMEWORK_MVC\TEAMUP_FRAMEWORK_MVC.csproj", "{B0BEF256-28C4-4FB8-9D3A-8BF99CF2F7D9}"
EndProject
Project("{FAE04EC0-301F-11D3-BF4B-00C04F79EFBC}") = "TEAMUP_FRAMEWORK_WEBPAGES", "TEAMUP_FRAMEWORK_WEBPAGES\TEAMUP_FRAMEWORK_WEBPAGES.csproj", "{9CFCCF3C-80A7-44A5-AC79-4E47EE852D11}"
EndProject
Global
	GlobalSection(SolutionConfigurationPlatforms) = preSolution
		Debug|Any CPU = Debug|Any CPU
		Release|Any CPU = Release|Any CPU
	EndGlobalSection
	GlobalSection(ProjectConfigurationPlatforms) = postSolution
		{748CC617-0F1F-42C3-8A0A-15626DAF120F}.Debug|Any CPU.ActiveCfg = Debug|Any CPU
		{748CC617-0F1F-42C3-8A0A-15626DAF120F}.Debug|Any CPU.Build.0 = Debug|Any CPU
		{748CC617-0F1F-42C3-8A0A-15626DAF120F}.Release|Any CPU.ActiveCfg = Release|Any CPU
		{748CC617-0F1F-42C3-8A0A-15626DAF120F}.Release|Any CPU.Build.0 = Release|Any CPU
		{D4A44ABF-30AA-4392-831C-34D78EE5031B}.Debug|Any CPU.ActiveCfg = Debug|Any CPU
		{D4A44ABF-30AA-4392-831C-34D78EE5031B}.Debug|Any CPU.Build.0 = Debug|Any CPU
		{D4A44ABF-30AA-4392-831C-34D78EE5031B}.Release|Any CPU.ActiveCfg = Release|Any CPU
		{D4A44ABF-30AA-4392-831C-34D78EE5031B}.Release|Any CPU.Build.0 = Release|Any CPU
		{F714736A-C38D-4AD6-A233-552A6FDE409F}.Debug|Any CPU.ActiveCfg = Debug|Any CPU
		{F714736A-C38D-4AD6-A233-552A6FDE409F}.Debug|Any CPU.Build.0 = Debug|Any CPU
		{F714736A-C38D-4AD6-A233-552A6FDE409F}.Release|Any CPU.ActiveCfg = Release|Any CPU
		{F714736A-C38D-4AD6-A233-552A6FDE409F}.Release|Any CPU.Build.0 = Release|Any CPU
		{B0BEF256-28C4-4FB8-9D3A-8BF99CF2F7D9}.Debug|Any CPU.ActiveCfg = Debug|Any CPU
		{B0BEF256-28C4-4FB8-9D3A-8BF99CF2F7D9}.Debug|Any CPU.Build.0 = Debug|Any CPU
		{B0BEF256-28C4-4FB8-9D3A-8BF99CF2F7D9}.Release|Any CPU.ActiveCfg = Release|Any CPU
		{B0BEF256-28C4-4FB8-9D3A-8BF99CF2F7D9}.Release|Any CPU.Build.0 = Release|Any CPU
		{9CFCCF3C-80A7-44A5-AC79-4E47EE852D11}.Debug|Any CPU.ActiveCfg = Debug|Any CPU
		{9CFCCF3C-80A7-44A5-AC79-4E47EE852D11}.Debug|Any CPU.Build.0 = Debug|Any CPU
		{9CFCCF3C-80A7-44A5-AC79-4E47EE852D11}.Release|Any CPU.ActiveCfg = Release|Any CPU
		{9CFCCF3C-80A7-44A5-AC79-4E47EE852D11}.Release|Any CPU.Build.0 = Release|Any CPU
	EndGlobalSection
	GlobalSection(SolutionProperties) = preSolution
		HideSolutionNode = FALSE
	EndGlobalSection
	GlobalSection(ExtensibilityGlobals) = postSolution
		SolutionGuid = {CC007F35-A221-45B8-A686-E33E9A4A58F5}
	EndGlobalSection
EndGlobal
